
Microsoft Visual Studio Solution File, Format Version 12.00
# Visual Studio Version 17
VisualStudioVersion = 17.5.002.0
MinimumVisualStudioVersion = 10.0.40219.1
Project("{9A19103F-16F7-4668-BE54-9A1E7A4F7556}") = "ConverterProject", "ConverterProject.csproj", "{6B60C6F9-C366-4C0B-9B47-629E32596B2B}"
EndProject
Global
	GlobalSection(SolutionConfigurationPlatforms) = preSolution
		Debug|Any CPU = Debug|Any CPU
		Release|Any CPU = Release|Any CPU
	EndGlobalSection
	GlobalSection(ProjectConfigurationPlatforms) = postSolution
		{6B60C6F9-C366-4C0B-9B47-629E32596B2B}.Debug|Any CPU.ActiveCfg = Debug|Any CPU
		{6B60C6F9-C366-4C0B-9B47-629E32596B2B}.Debug|Any CPU.Build.0 = Debug|Any CPU
		{6B60C6F9-C366-4C0B-9B47-629E32596B2B}.Release|Any CPU.ActiveCfg = Release|Any CPU
		{6B60C6F9-C366-4C0B-9B47-629E32596B2B}.Release|Any CPU.Build.0 = Release|Any CPU
	EndGlobalSection
	GlobalSection(SolutionProperties) = preSolution
		HideSolutionNode = FALSE
	EndGlobalSection
	GlobalSection(ExtensibilityGlobals) = postSolution
		SolutionGuid = {E07E6459-F90F-4FF3-8967-6D481F82C34E}
	EndGlobalSection
EndGlobal
